
Microsoft Visual Studio Solution File, Format Version 12.00
# Visual Studio Version 16
VisualStudioVersion = 16.0.30611.23
MinimumVisualStudioVersion = 10.0.40219.1
Project("{9A19103F-16F7-4668-BE54-9A1E7A4F7556}") = "SafaryPark", "SafaryPark.csproj", "{FCD4CB04-F4F1-4AC4-A990-9692D9E88A17}"
EndProject
Project("{9A19103F-16F7-4668-BE54-9A1E7A4F7556}") = "SafariParkTests", "..\SafariParkTests\SafariParkTests.csproj", "{846EA9AE-A8D7-4F18-8D1F-CFEA70F8E793}"
EndProject
Global
	GlobalSection(SolutionConfigurationPlatforms) = preSolution
		Debug|Any CPU = Debug|Any CPU
		Release|Any CPU = Release|Any CPU
	EndGlobalSection
	GlobalSection(ProjectConfigurationPlatforms) = postSolution
		{FCD4CB04-F4F1-4AC4-A990-9692D9E88A17}.Debug|Any CPU.ActiveCfg = Debug|Any CPU
		{FCD4CB04-F4F1-4AC4-A990-9692D9E88A17}.Debug|Any CPU.Build.0 = Debug|Any CPU
		{FCD4CB04-F4F1-4AC4-A990-9692D9E88A17}.Release|Any CPU.ActiveCfg = Release|Any CPU
		{FCD4CB04-F4F1-4AC4-A990-9692D9E88A17}.Release|Any CPU.Build.0 = Release|Any CPU
		{846EA9AE-A8D7-4F18-8D1F-CFEA70F8E793}.Debug|Any CPU.ActiveCfg = Debug|Any CPU
		{846EA9AE-A8D7-4F18-8D1F-CFEA70F8E793}.Debug|Any CPU.Build.0 = Debug|Any CPU
		{846EA9AE-A8D7-4F18-8D1F-CFEA70F8E793}.Release|Any CPU.ActiveCfg = Release|Any CPU
		{846EA9AE-A8D7-4F18-8D1F-CFEA70F8E793}.Release|Any CPU.Build.0 = Release|Any CPU
	EndGlobalSection
	GlobalSection(SolutionProperties) = preSolution
		HideSolutionNode = FALSE
	EndGlobalSection
	GlobalSection(ExtensibilityGlobals) = postSolution
		SolutionGuid = {FA145A27-7E94-4685-B8BF-669085B10624}
	EndGlobalSection
EndGlobal
